
Microsoft Visual Studio Solution File, Format Version 12.00
# Visual Studio Version 16
VisualStudioVersion = 16.0.30503.244
MinimumVisualStudioVersion = 10.0.40219.1
Project("{9A19103F-16F7-4668-BE54-9A1E7A4F7556}") = "DJH.BenefitPipe", "DJH.BenefitPipe\DJH.BenefitPipe.csproj", "{69BD368E-20C0-4771-AB4D-698FF510EB74}"
EndProject
Project("{FAE04EC0-301F-11D3-BF4B-00C04F79EFBC}") = "Example", "Example\Example.csproj", "{A3D93612-DB28-4167-A7E2-4A4CAE8B955A}"
EndProject
Global
	GlobalSection(SolutionConfigurationPlatforms) = preSolution
		Debug|Any CPU = Debug|Any CPU
		Release|Any CPU = Release|Any CPU
	EndGlobalSection
	GlobalSection(ProjectConfigurationPlatforms) = postSolution
		{69BD368E-20C0-4771-AB4D-698FF510EB74}.Debug|Any CPU.ActiveCfg = Debug|Any CPU
		{69BD368E-20C0-4771-AB4D-698FF510EB74}.Debug|Any CPU.Build.0 = Debug|Any CPU
		{69BD368E-20C0-4771-AB4D-698FF510EB74}.Release|Any CPU.ActiveCfg = Release|Any CPU
		{69BD368E-20C0-4771-AB4D-698FF510EB74}.Release|Any CPU.Build.0 = Release|Any CPU
		{A3D93612-DB28-4167-A7E2-4A4CAE8B955A}.Debug|Any CPU.ActiveCfg = Debug|Any CPU
		{A3D93612-DB28-4167-A7E2-4A4CAE8B955A}.Debug|Any CPU.Build.0 = Debug|Any CPU
		{A3D93612-DB28-4167-A7E2-4A4CAE8B955A}.Release|Any CPU.ActiveCfg = Release|Any CPU
		{A3D93612-DB28-4167-A7E2-4A4CAE8B955A}.Release|Any CPU.Build.0 = Release|Any CPU
	EndGlobalSection
	GlobalSection(SolutionProperties) = preSolution
		HideSolutionNode = FALSE
	EndGlobalSection
	GlobalSection(ExtensibilityGlobals) = postSolution
		SolutionGuid = {436E49A8-9D7C-4636-B03E-92C2C6B1FAB2}
	EndGlobalSection
EndGlobal
